{
  "name": "18-NoSQL-Challenge-Social-Network-API",
  "version": "1.0.0",
  "lockfileVersion": 2,
  "requires": true,
  "author": "",
  "description": "",
  "keywords": [],
  "license": "ISC",
  "main": "server.js",
  "private": true,
  "packages": {},
  "scripts": {
    "start": "node server.js"
  }
}
